
Microsoft Visual Studio Solution File, Format Version 12.00
# Visual Studio Version 17
VisualStudioVersion = 17.0.31903.59
MinimumVisualStudioVersion = 10.0.40219.1
Project("{FAE04EC0-301F-11D3-BF4B-00C04F79EFBC}") = "MTT.Configuration", "MTT.Configuration\MTT.Configuration.csproj", "{0D239AE5-30D9-492B-851D-8D0C0B106E8A}"
EndProject
Project("{FAE04EC0-301F-11D3-BF4B-00C04F79EFBC}") = "MTT.UserRegistrationRequested", "MTT.UserRegistrationRequested\MTT.UserRegistrationRequested.csproj", "{51FD6995-593F-4EA6-938A-57ACD6B8BEBA}"
EndProject
Global
	GlobalSection(SolutionConfigurationPlatforms) = preSolution
		Debug|Any CPU = Debug|Any CPU
		Release|Any CPU = Release|Any CPU
	EndGlobalSection
	GlobalSection(ProjectConfigurationPlatforms) = postSolution
		{0D239AE5-30D9-492B-851D-8D0C0B106E8A}.Debug|Any CPU.ActiveCfg = Debug|Any CPU
		{0D239AE5-30D9-492B-851D-8D0C0B106E8A}.Debug|Any CPU.Build.0 = Debug|Any CPU
		{0D239AE5-30D9-492B-851D-8D0C0B106E8A}.Release|Any CPU.ActiveCfg = Release|Any CPU
		{0D239AE5-30D9-492B-851D-8D0C0B106E8A}.Release|Any CPU.Build.0 = Release|Any CPU
		{51FD6995-593F-4EA6-938A-57ACD6B8BEBA}.Debug|Any CPU.ActiveCfg = Debug|Any CPU
		{51FD6995-593F-4EA6-938A-57ACD6B8BEBA}.Debug|Any CPU.Build.0 = Debug|Any CPU
		{51FD6995-593F-4EA6-938A-57ACD6B8BEBA}.Release|Any CPU.ActiveCfg = Release|Any CPU
		{51FD6995-593F-4EA6-938A-57ACD6B8BEBA}.Release|Any CPU.Build.0 = Release|Any CPU
	EndGlobalSection
	GlobalSection(SolutionProperties) = preSolution
		HideSolutionNode = FALSE
	EndGlobalSection
EndGlobal
