
Microsoft Visual Studio Solution File, Format Version 12.00
# Visual Studio Version 17
VisualStudioVersion = 17.0.31903.59
MinimumVisualStudioVersion = 10.0.40219.1
Project("{FAE04EC0-301F-11D3-BF4B-00C04F79EFBC}") = "user-registration-requested", "user-registration-requested\user-registration-requested.csproj", "{E04D9B54-FE1E-4BB9-ACE4-3A7DA43F9270}"
EndProject
Global
	GlobalSection(SolutionConfigurationPlatforms) = preSolution
		Debug|Any CPU = Debug|Any CPU
		Release|Any CPU = Release|Any CPU
	EndGlobalSection
	GlobalSection(SolutionProperties) = preSolution
		HideSolutionNode = FALSE
	EndGlobalSection
	GlobalSection(ProjectConfigurationPlatforms) = postSolution
		{E04D9B54-FE1E-4BB9-ACE4-3A7DA43F9270}.Debug|Any CPU.ActiveCfg = Debug|Any CPU
		{E04D9B54-FE1E-4BB9-ACE4-3A7DA43F9270}.Debug|Any CPU.Build.0 = Debug|Any CPU
		{E04D9B54-FE1E-4BB9-ACE4-3A7DA43F9270}.Release|Any CPU.ActiveCfg = Release|Any CPU
		{E04D9B54-FE1E-4BB9-ACE4-3A7DA43F9270}.Release|Any CPU.Build.0 = Release|Any CPU
	EndGlobalSection
EndGlobal
